// !$*UTF8*$!
{
	archiveVersion = 1;
	classes = {
	};
	objectVersion = 46;
	objects = {

/* Begin PBXBuildFile section */
		9CC1441C1F6C106300514660 /* AppDelegate.swift in Sources */ = {isa = PBXBuildFile; fileRef = 9CC1441B1F6C106300514660 /* AppDelegate.swift */; };
		9CC1441E1F6C106300514660 /* ViewController.swift in Sources */ = {isa = PBXBuildFile; fileRef = 9CC1441D1F6C106300514660 /* ViewController.swift */; };
		9CC144211F6C106300514660 /* Main.storyboard in Resources */ = {isa = PBXBuildFile; fileRef = 9CC1441F1F6C106300514660 /* Main.storyboard */; };
		9CC144231F6C106300514660 /* Assets.xcassets in Resources */ = {isa = PBXBuildFile; fileRef = 9CC144221F6C106300514660 /* Assets.xcassets */; };
		9CC144261F6C106300514660 /* LaunchScreen.storyboard in Resources */ = {isa = PBXBuildFile; fileRef = 9CC144241F6C106300514660 /* LaunchScreen.storyboard */; };
/* End PBXBuildFile section */

/* Begin PBXFileReference section */
		9CC144181F6C106300514660 /* Readvarcode.app */ = {isa = PBXFileReference; explicitFileType = wrapper.application; includeInIndex = 0; path = Readvarcode.app; sourceTree = BUILT_PRODUCTS_DIR; };
		9CC1441B1F6C106300514660 /* AppDelegate.swift */ = {isa = PBXFileReference; lastKnownFileType = sourcecode.swift; path = AppDelegate.swift; sourceTree = "<group>"; };
		9CC1441D1F6C106300514660 /* ViewController.swift */ = {isa = PBXFileReference; lastKnownFileType = sourcecode.swift; path = ViewController.swift; sourceTree = "<group>"; };
		9CC144201F6C106300514660 /* Base */ = {isa = PBXFileReference; lastKnownFileType = file.storyboard; name = Base; path = Base.lproj/Main.storyboard; sourceTree = "<group>"; };
		9CC144221F6C106300514660 /* Assets.xcassets */ = {isa = PBXFileReference; lastKnownFileType = folder.assetcatalog; path = Assets.xcassets; sourceTree = "<group>"; };
		9CC144251F6C106300514660 /* Base */ = {isa = PBXFileReference; lastKnownFileType = file.storyboard; name = Base; path = Base.lproj/LaunchScreen.storyboard; sourceTree = "<group>"; };
		9CC144271F6C106300514660 /* Info.plist */ = {isa = PBXFileReference; lastKnownFileType = text.plist.xml; path = Info.plist; sourceTree = "<group>"; };
/* End PBXFileReference section */

/* Begin PBXFrameworksBuildPhase section */
		9CC144151F6C106300514660 /* Frameworks */ = {
			isa = PBXFrameworksBuildPhase;
			buildActionMask = 2147483647;
			files = (
			);
			runOnlyForDeploymentPostprocessing = 0;
		};
/* End PBXFrameworksBuildPhase section */

/* Begin PBXGroup section */
		9CC1440F1F6C106300514660 = {
			isa = PBXGroup;
			children = (
				9CC1441A1F6C106300514660 /* Readvarcode */,
				9CC144191F6C106300514660 /* Products */,
			);
			sourceTree = "<group>";
		};
		9CC144191F6C106300514660 /* Products */ = {
			isa = PBXGroup;
			children = (
				9CC144181F6C106300514660 /* Readvarcode.app */,
			);
			name = Products;
			sourceTree = "<group>";
		};
		9CC1441A1F6C106300514660 /* Readvarcode */ = {
			isa = PBXGroup;
			children = (
				9CC1441B1F6C106300514660 /* AppDelegate.swift */,
				9CC1441D1F6C106300514660 /* ViewController.swift */,
				9CC1441F1F6C106300514660 /* Main.storyboard */,
				9CC144221F6C106300514660 /* Assets.xcassets */,
				9CC144241F6C106300514660 /* LaunchScreen.storyboard */,
				9CC144271F6C106300514660 /* Info.plist */,
			);
			path = Readvarcode;
			sourceTree = "<group>";
		};
/* End PBXGroup section */

/* Begin PBXNativeTarget section */
		9CC144171F6C106300514660 /* Readvarcode */ = {
			isa = PBXNativeTarget;
			buildConfigurationList = 9CC1442A1F6C106300514660 /* Build configuration list for PBXNativeTarget "Readvarcode" */;
			buildPhases = (
				9CC144141F6C106300514660 /* Sources */,
				9CC144151F6C106300514660 /* Frameworks */,
				9CC144161F6C106300514660 /* Resources */,
			);
			buildRules = (
			);
			dependencies = (
			);
			name = Readvarcode;
			productName = Readvarcode;
			productReference = 9CC144181F6C106300514660 /* Readvarcode.app */;
			productType = "com.apple.product-type.application";
		};
/* End PBXNativeTarget section */

/* Begin PBXProject section */
		9CC144101F6C106300514660 /* Project object */ = {
			isa = PBXProject;
			attributes = {
				LastSwiftUpdateCheck = 0830;
				LastUpgradeCheck = 0830;
				ORGANIZATIONNAME = "中川万莉奈";
				TargetAttributes = {
					9CC144171F6C106300514660 = {
						CreatedOnToolsVersion = 8.3.2;
						DevelopmentTeam = 78Q29B3V8M;
						ProvisioningStyle = Automatic;
					};
				};
			};
			buildConfigurationList = 9CC144131F6C106300514660 /* Build configuration list for PBXProject "Readvarcode" */;
			compatibilityVersion = "Xcode 3.2";
			developmentRegion = English;
			hasScannedForEncodings = 0;
			knownRegions = (
				en,
				Base,
			);
			mainGroup = 9CC1440F1F6C106300514660;
			productRefGroup = 9CC144191F6C106300514660 /* Products */;
			projectDirPath = "";
			projectRoot = "";
			targets = (
				9CC144171F6C106300514660 /* Readvarcode */,
			);
		};
/* End PBXProject section */

/* Begin PBXResourcesBuildPhase section */
		9CC144161F6C106300514660 /* Resources */ = {
			isa = PBXResourcesBuildPhase;
			buildActionMask = 2147483647;
			files = (
				9CC144261F6C106300514660 /* LaunchScreen.storyboard in Resources */,
				9CC144231F6C106300514660 /* Assets.xcassets in Resources */,
				9CC144211F6C106300514660 /* Main.storyboard in Resources */,
			);
			runOnlyForDeploymentPostprocessing = 0;
		};
/* End PBXResourcesBuildPhase section */

/* Begin PBXSourcesBuildPhase section */
		9CC144141F6C106300514660 /* Sources */ = {
			isa = PBXSourcesBuildPhase;
			buildActionMask = 2147483647;
			files = (
				9CC1441E1F6C106300514660 /* ViewController.swift in Sources */,
				9CC1441C1F6C106300514660 /* AppDelegate.swift in Sources */,
			);
			runOnlyForDeploymentPostprocessing = 0;
		};
/* End PBXSourcesBuildPhase section */

/* Begin PBXVariantGroup section */
		9CC1441F1F6C106300514660 /* Main.storyboard */ = {
			isa = PBXVariantGroup;
			children = (
				9CC144201F6C106300514660 /* Base */,
			);
			name = Main.storyboard;
			sourceTree = "<group>";
		};
		9CC144241F6C106300514660 /* LaunchScreen.storyboard */ = {
			isa = PBXVariantGroup;
			children = (
				9CC144251F6C106300514660 /* Base */,
			);
			name = LaunchScreen.storyboard;
			sourceTree = "<group>";
		};
/* End PBXVariantGroup section */

/* Begin XCBuildConfiguration section */
		9CC144281F6C106300514660 /* Debug */ = {
			isa = XCBuildConfiguration;
			buildSettings = {
				ALWAYS_SEARCH_USER_PATHS = NO;
				CLANG_ANALYZER_NONNULL = YES;
				CLANG_ANALYZER_NUMBER_OBJECT_CONVERSION = YES_AGGRESSIVE;
				CLANG_CXX_LANGUAGE_STANDARD = "gnu++0x";
				CLANG_CXX_LIBRARY = "libc++";
				CLANG_ENABLE_MODULES = YES;
				CLANG_ENABLE_OBJC_ARC = YES;
				CLANG_WARN_BOOL_CONVERSION = YES;
				CLANG_WARN_CONSTANT_CONVERSION = YES;
				CLANG_WARN_DIRECT_OBJC_ISA_USAGE = YES_ERROR;
				CLANG_WARN_DOCUMENTATION_COMMENTS = YES;
				CLANG_WARN_EMPTY_BODY = YES;
				CLANG_WARN_ENUM_CONVERSION = YES;
				CLANG_WARN_INFINITE_RECURSION = YES;
				CLANG_WARN_INT_CONVERSION = YES;
				CLANG_WARN_OBJC_ROOT_CLASS = YES_ERROR;
				CLANG_WARN_SUSPICIOUS_MOVE = YES;
				CLANG_WARN_UNREACHABLE_CODE = YES;
				CLANG_WARN__DUPLICATE_METHOD_MATCH = YES;
				"CODE_SIGN_IDENTITY[sdk=iphoneos*]" = "iPhone Developer";
				COPY_PHASE_STRIP = NO;
				DEBUG_INFORMATION_FORMAT = dwarf;
				ENABLE_STRICT_OBJC_MSGSEND = YES;
				ENABLE_TESTABILITY = YES;
				GCC_C_LANGUAGE_STANDARD = gnu99;
				GCC_DYNAMIC_NO_PIC = NO;
				GCC_NO_COMMON_BLOCKS = YES;
				GCC_OPTIMIZATION_LEVEL = 0;
				GCC_PREPROCESSOR_DEFINITIONS = (
					"DEBUG=1",
					"$(inherited)",
				);
				GCC_WARN_64_TO_32_BIT_CONVERSION = YES;
				GCC_WARN_ABOUT_RETURN_TYPE = YES_ERROR;
				GCC_WARN_UNDECLARED_SELECTOR = YES;
				GCC_WARN_UNINITIALIZED_AUTOS = YES_AGGRESSIVE;
				GCC_WARN_UNUSED_FUNCTION = YES;
				GCC_WARN_UNUSED_VARIABLE = YES;
				IPHONEOS_DEPLOYMENT_TARGET = 10.3;
				MTL_ENABLE_DEBUG_INFO = YES;
				ONLY_ACTIVE_ARCH = YES;
				SDKROOT = iphoneos;
				SWIFT_ACTIVE_COMPILATION_CONDITIONS = DEBUG;
				SWIFT_OPTIMIZATION_LEVEL = "-Onone";
				TARGETED_DEVICE_FAMILY = "1,2";
			};
			name = Debug;
		};
		9CC144291F6C106300514660 /* Release */ = {
			isa = XCBuildConfiguration;
			buildSettings = {
				ALWAYS_SEARCH_USER_PATHS = NO;
				CLANG_ANALYZER_NONNULL = YES;
				CLANG_ANALYZER_NUMBER_OBJECT_CONVERSION = YES_AGGRESSIVE;
				CLANG_CXX_LANGUAGE_STANDARD = "gnu++0x";
				CLANG_CXX_LIBRARY = "libc++";
				CLANG_ENABLE_MODULES = YES;
				CLANG_ENABLE_OBJC_ARC = YES;
				CLANG_WARN_BOOL_CONVERSION = YES;
				CLANG_WARN_CONSTANT_CONVERSION = YES;
				CLANG_WARN_DIRECT_OBJC_ISA_USAGE = YES_ERROR;
				CLANG_WARN_DOCUMENTATION_COMMENTS = YES;
				CLANG_WARN_EMPTY_BODY = YES;
				CLANG_WARN_ENUM_CONVERSION = YES;
				CLANG_WARN_INFINITE_RECURSION = YES;
				CLANG_WARN_INT_CONVERSION = YES;
				CLANG_WARN_OBJC_ROOT_CLASS = YES_ERROR;
				CLANG_WARN_SUSPICIOUS_MOVE = YES;
				CLANG_WARN_UNREACHABLE_CODE = YES;
				CLANG_WARN__DUPLICATE_METHOD_MATCH = YES;
				"CODE_SIGN_IDENTITY[sdk=iphoneos*]" = "iPhone Developer";
				COPY_PHASE_STRIP = NO;
				DEBUG_INFORMATION_FORMAT = "dwarf-with-dsym";
				ENABLE_NS_ASSERTIONS = NO;
				ENABLE_STRICT_OBJC_MSGSEND = YES;
				GCC_C_LANGUAGE_STANDARD = gnu99;
				GCC_NO_COMMON_BLOCKS = YES;
				GCC_WARN_64_TO_32_BIT_CONVERSION = YES;
				GCC_WARN_ABOUT_RETURN_TYPE = YES_ERROR;
				GCC_WARN_UNDECLARED_SELECTOR = YES;
				GCC_WARN_UNINITIALIZED_AUTOS = YES_AGGRESSIVE;
				GCC_WARN_UNUSED_FUNCTION = YES;
				GCC_WARN_UNUSED_VARIABLE = YES;
				IPHONEOS_DEPLOYMENT_TARGET = 10.3;
				MTL_ENABLE_DEBUG_INFO = NO;
				SDKROOT = iphoneos;
				SWIFT_OPTIMIZATION_LEVEL = "-Owholemodule";
				TARGETED_DEVICE_FAMILY = "1,2";
				VALIDATE_PRODUCT = YES;
			};
			name = Release;
		};
		9CC1442B1F6C106300514660 /* Debug */ = {
			isa = XCBuildConfiguration;
			buildSettings = {
				ASSETCATALOG_COMPILER_APPICON_NAME = AppIcon;
				DEVELOPMENT_TEAM = 78Q29B3V8M;
				INFOPLIST_FILE = Readvarcode/Info.plist;
				LD_RUNPATH_SEARCH_PATHS = "$(inherited) @executable_path/Frameworks";
				PRODUCT_BUNDLE_IDENTIFIER = jp.MarinaNakgawa.Readvarcode;
				PRODUCT_NAME = "$(TARGET_NAME)";
				SWIFT_VERSION = 3.0;
			};
			name = Debug;
		};
		9CC1442C1F6C106300514660 /* Release */ = {
			isa = XCBuildConfiguration;
			buildSettings = {
				ASSETCATALOG_COMPILER_APPICON_NAME = AppIcon;
				DEVELOPMENT_TEAM = 78Q29B3V8M;
				INFOPLIST_FILE = Readvarcode/Info.plist;
				LD_RUNPATH_SEARCH_PATHS = "$(inherited) @executable_path/Frameworks";
				PRODUCT_BUNDLE_IDENTIFIER = jp.MarinaNakgawa.Readvarcode;
				PRODUCT_NAME = "$(TARGET_NAME)";
				SWIFT_VERSION = 3.0;
			};
			name = Release;
		};
/* End XCBuildConfiguration section */

/* Begin XCConfigurationList section */
		9CC144131F6C106300514660 /* Build configuration list for PBXProject "Readvarcode" */ = {
			isa = XCConfigurationList;
			buildConfigurations = (
				9CC144281F6C106300514660 /* Debug */,
				9CC144291F6C106300514660 /* Release */,
			);
			defaultConfigurationIsVisible = 0;
			defaultConfigurationName = Release;
		};
		9CC1442A1F6C106300514660 /* Build configuration list for PBXNativeTarget "Readvarcode" */ = {
			isa = XCConfigurationList;
			buildConfigurations = (
				9CC1442B1F6C106300514660 /* Debug */,
				9CC1442C1F6C106300514660 /* Release */,
			);
			defaultConfigurationIsVisible = 0;
			defaultConfigurationName = Release;
		};
/* End XCConfigurationList section */
	};
	rootObject = 9CC144101F6C106300514660 /* Project object */;
}
